<Solution>
  <Project Path="TicoBus.BL/TicoBus.BL.csproj" />
  <Project Path="TicoBus.DA/TicoBus.DA.csproj" />
  <Project Path="TicoBus.MAUI/TicoBus.MAUI.csproj" Id="70356de8-e82a-42fe-9c5b-7c583743a64e">
    <Deploy Solution="Debug|*" />
  </Project>
  <Project Path="TicoBus.Model/TicoBus.Model.csproj" />
  <Project Path="TicoBus.SI/TicoBus.SI.csproj" />
  <Project Path="TicoBus.UI/TicoBus.UI.csproj" />
</Solution>
